
Microsoft Visual Studio Solution File, Format Version 12.00
# Visual Studio Version 17
VisualStudioVersion = 17.3.32929.385
MinimumVisualStudioVersion = 10.0.40219.1
Project("{2150E333-8FDC-42A3-9474-1A3956D46DE8}") = "Services", "Services", "{B02BB454-9F7E-47F0-BFFD-88D91ADE6324}"
EndProject
Project("{2150E333-8FDC-42A3-9474-1A3956D46DE8}") = "Catalog", "Catalog", "{A5927F8C-1366-4C34-AFF5-30AB3C8836C9}"
EndProject
Project("{9A19103F-16F7-4668-BE54-9A1E7A4F7556}") = "Catalog.API", "Services\Catalog\Catalog.API\Catalog.API.csproj", "{47AD8E3A-7E78-4342-AFA7-30EE54E18723}"
EndProject
Project("{E53339B2-1760-4266-BCC7-CA923CBCF16C}") = "docker-compose", "docker-compose.dcproj", "{090FA31F-61A1-4EE7-A3F4-ECC71B4A543B}"
EndProject
Project("{2150E333-8FDC-42A3-9474-1A3956D46DE8}") = "Basket", "Basket", "{4744E8F1-FB0A-4E9B-9356-AED8727FA8F5}"
EndProject
Project("{9A19103F-16F7-4668-BE54-9A1E7A4F7556}") = "Basket.Api", "Services\Basket\Basket.Api\Basket.Api.csproj", "{4756F13D-2AA0-46EA-A018-CAA72F872DE4}"
EndProject
Project("{2150E333-8FDC-42A3-9474-1A3956D46DE8}") = "Discount", "Discount", "{D339C1B6-5628-49FE-9FFA-C8A42F7B33E7}"
EndProject
Project("{9A19103F-16F7-4668-BE54-9A1E7A4F7556}") = "Discount.API", "Services\Discount\Discount.API\Discount.API.csproj", "{7F07EB6F-D22C-4A0F-90B2-C03E2F2BA205}"
EndProject
Project("{9A19103F-16F7-4668-BE54-9A1E7A4F7556}") = "Discount.Grpc", "Services\Discount\Discount.Grpc\Discount.Grpc.csproj", "{53CD5182-7083-4909-BA0E-B06DB91D3067}"
EndProject
Project("{2150E333-8FDC-42A3-9474-1A3956D46DE8}") = "Ordering", "Ordering", "{D24CD205-CB45-4826-BC7F-E7157D5FF2CF}"
EndProject
Project("{9A19103F-16F7-4668-BE54-9A1E7A4F7556}") = "Ordering.API", "Services\Ordering\Ordering.API\Ordering.API.csproj", "{34F591B9-7C11-45F4-AC9E-84F560893406}"
EndProject
Project("{9A19103F-16F7-4668-BE54-9A1E7A4F7556}") = "Ordering.Domain", "Services\Ordering\Ordering.Domain\Ordering.Domain.csproj", "{A9407B23-08A9-4DB1-BC12-ED6740BC0012}"
EndProject
Project("{9A19103F-16F7-4668-BE54-9A1E7A4F7556}") = "Ordering.Application", "Services\Ordering\Ordering.Application\Ordering.Application.csproj", "{709CDEB4-377C-4785-8F3F-F0E4371A6351}"
EndProject
Project("{9A19103F-16F7-4668-BE54-9A1E7A4F7556}") = "Ordering.Infrastructure", "Services\Ordering\Ordering.Infrastructure\Ordering.Infrastructure.csproj", "{1DCDAE87-FBB2-41C2-98E0-3811768F8BAC}"
EndProject
Project("{2150E333-8FDC-42A3-9474-1A3956D46DE8}") = "BuildingBlocks", "BuildingBlocks", "{5A64C811-1BE5-4CCB-A157-B9106076BEBB}"
EndProject
Project("{9A19103F-16F7-4668-BE54-9A1E7A4F7556}") = "EventBus.Messages", "BuildingBlocks\EventBus.Messages\EventBus.Messages.csproj", "{EEF97AE1-F20C-4B93-8428-D965B27381E7}"
EndProject
Project("{2150E333-8FDC-42A3-9474-1A3956D46DE8}") = "ApiGateways", "ApiGateways", "{6080A59D-D98A-4C5F-A1B1-101FCED5F15B}"
EndProject
Project("{9A19103F-16F7-4668-BE54-9A1E7A4F7556}") = "OcelotApiGw", "ApiGateways\OcelotApiGw\OcelotApiGw.csproj", "{135C95F8-FBD8-4DB9-82AD-9E69FF361FA9}"
EndProject
Project("{9A19103F-16F7-4668-BE54-9A1E7A4F7556}") = "Shopping.Aggregator", "ApiGateways\Shopping.Aggregator\Shopping.Aggregator.csproj", "{DFDEA2F4-63F2-4F1C-B4D9-A56BA679FC09}"
EndProject
Project("{2150E333-8FDC-42A3-9474-1A3956D46DE8}") = "Webapps", "Webapps", "{564201B9-BBF7-40F8-BF9A-AECEDCADCBA4}"
EndProject
Project("{9A19103F-16F7-4668-BE54-9A1E7A4F7556}") = "AspnetRunBasics", "WebApps\AspnetRunBasics\AspnetRunBasics.csproj", "{7354333A-C07E-4D07-A505-FAF6FE06C193}"
EndProject
Global
	GlobalSection(SolutionConfigurationPlatforms) = preSolution
		Debug|Any CPU = Debug|Any CPU
		Debug|x64 = Debug|x64
		Release|Any CPU = Release|Any CPU
		Release|x64 = Release|x64
	EndGlobalSection
	GlobalSection(ProjectConfigurationPlatforms) = postSolution
		{47AD8E3A-7E78-4342-AFA7-30EE54E18723}.Debug|Any CPU.ActiveCfg = Debug|Any CPU
		{47AD8E3A-7E78-4342-AFA7-30EE54E18723}.Debug|Any CPU.Build.0 = Debug|Any CPU
		{47AD8E3A-7E78-4342-AFA7-30EE54E18723}.Debug|x64.ActiveCfg = Debug|Any CPU
		{47AD8E3A-7E78-4342-AFA7-30EE54E18723}.Debug|x64.Build.0 = Debug|Any CPU
		{47AD8E3A-7E78-4342-AFA7-30EE54E18723}.Release|Any CPU.ActiveCfg = Release|Any CPU
		{47AD8E3A-7E78-4342-AFA7-30EE54E18723}.Release|Any CPU.Build.0 = Release|Any CPU
		{47AD8E3A-7E78-4342-AFA7-30EE54E18723}.Release|x64.ActiveCfg = Release|Any CPU
		{47AD8E3A-7E78-4342-AFA7-30EE54E18723}.Release|x64.Build.0 = Release|Any CPU
		{090FA31F-61A1-4EE7-A3F4-ECC71B4A543B}.Debug|Any CPU.ActiveCfg = Debug|Any CPU
		{090FA31F-61A1-4EE7-A3F4-ECC71B4A543B}.Debug|Any CPU.Build.0 = Debug|Any CPU
		{090FA31F-61A1-4EE7-A3F4-ECC71B4A543B}.Debug|x64.ActiveCfg = Debug|Any CPU
		{090FA31F-61A1-4EE7-A3F4-ECC71B4A543B}.Debug|x64.Build.0 = Debug|Any CPU
		{090FA31F-61A1-4EE7-A3F4-ECC71B4A543B}.Release|Any CPU.ActiveCfg = Release|Any CPU
		{090FA31F-61A1-4EE7-A3F4-ECC71B4A543B}.Release|Any CPU.Build.0 = Release|Any CPU
		{090FA31F-61A1-4EE7-A3F4-ECC71B4A543B}.Release|x64.ActiveCfg = Release|Any CPU
		{090FA31F-61A1-4EE7-A3F4-ECC71B4A543B}.Release|x64.Build.0 = Release|Any CPU
		{4756F13D-2AA0-46EA-A018-CAA72F872DE4}.Debug|Any CPU.ActiveCfg = Debug|Any CPU
		{4756F13D-2AA0-46EA-A018-CAA72F872DE4}.Debug|Any CPU.Build.0 = Debug|Any CPU
		{4756F13D-2AA0-46EA-A018-CAA72F872DE4}.Debug|x64.ActiveCfg = Debug|Any CPU
		{4756F13D-2AA0-46EA-A018-CAA72F872DE4}.Debug|x64.Build.0 = Debug|Any CPU
		{4756F13D-2AA0-46EA-A018-CAA72F872DE4}.Release|Any CPU.ActiveCfg = Release|Any CPU
		{4756F13D-2AA0-46EA-A018-CAA72F872DE4}.Release|Any CPU.Build.0 = Release|Any CPU
		{4756F13D-2AA0-46EA-A018-CAA72F872DE4}.Release|x64.ActiveCfg = Release|Any CPU
		{4756F13D-2AA0-46EA-A018-CAA72F872DE4}.Release|x64.Build.0 = Release|Any CPU
		{7F07EB6F-D22C-4A0F-90B2-C03E2F2BA205}.Debug|Any CPU.ActiveCfg = Debug|Any CPU
		{7F07EB6F-D22C-4A0F-90B2-C03E2F2BA205}.Debug|Any CPU.Build.0 = Debug|Any CPU
		{7F07EB6F-D22C-4A0F-90B2-C03E2F2BA205}.Debug|x64.ActiveCfg = Debug|Any CPU
		{7F07EB6F-D22C-4A0F-90B2-C03E2F2BA205}.Debug|x64.Build.0 = Debug|Any CPU
		{7F07EB6F-D22C-4A0F-90B2-C03E2F2BA205}.Release|Any CPU.ActiveCfg = Release|Any CPU
		{7F07EB6F-D22C-4A0F-90B2-C03E2F2BA205}.Release|Any CPU.Build.0 = Release|Any CPU
		{7F07EB6F-D22C-4A0F-90B2-C03E2F2BA205}.Release|x64.ActiveCfg = Release|Any CPU
		{7F07EB6F-D22C-4A0F-90B2-C03E2F2BA205}.Release|x64.Build.0 = Release|Any CPU
		{53CD5182-7083-4909-BA0E-B06DB91D3067}.Debug|Any CPU.ActiveCfg = Debug|Any CPU
		{53CD5182-7083-4909-BA0E-B06DB91D3067}.Debug|Any CPU.Build.0 = Debug|Any CPU
		{53CD5182-7083-4909-BA0E-B06DB91D3067}.Debug|x64.ActiveCfg = Debug|Any CPU
		{53CD5182-7083-4909-BA0E-B06DB91D3067}.Debug|x64.Build.0 = Debug|Any CPU
		{53CD5182-7083-4909-BA0E-B06DB91D3067}.Release|Any CPU.ActiveCfg = Release|Any CPU
		{53CD5182-7083-4909-BA0E-B06DB91D3067}.Release|Any CPU.Build.0 = Release|Any CPU
		{53CD5182-7083-4909-BA0E-B06DB91D3067}.Release|x64.ActiveCfg = Release|Any CPU
		{53CD5182-7083-4909-BA0E-B06DB91D3067}.Release|x64.Build.0 = Release|Any CPU
		{34F591B9-7C11-45F4-AC9E-84F560893406}.Debug|Any CPU.ActiveCfg = Debug|Any CPU
		{34F591B9-7C11-45F4-AC9E-84F560893406}.Debug|Any CPU.Build.0 = Debug|Any CPU
		{34F591B9-7C11-45F4-AC9E-84F560893406}.Debug|x64.ActiveCfg = Debug|Any CPU
		{34F591B9-7C11-45F4-AC9E-84F560893406}.Debug|x64.Build.0 = Debug|Any CPU
		{34F591B9-7C11-45F4-AC9E-84F560893406}.Release|Any CPU.ActiveCfg = Release|Any CPU
		{34F591B9-7C11-45F4-AC9E-84F560893406}.Release|Any CPU.Build.0 = Release|Any CPU
		{34F591B9-7C11-45F4-AC9E-84F560893406}.Release|x64.ActiveCfg = Release|Any CPU
		{34F591B9-7C11-45F4-AC9E-84F560893406}.Release|x64.Build.0 = Release|Any CPU
		{A9407B23-08A9-4DB1-BC12-ED6740BC0012}.Debug|Any CPU.ActiveCfg = Debug|Any CPU
		{A9407B23-08A9-4DB1-BC12-ED6740BC0012}.Debug|Any CPU.Build.0 = Debug|Any CPU
		{A9407B23-08A9-4DB1-BC12-ED6740BC0012}.Debug|x64.ActiveCfg = Debug|Any CPU
		{A9407B23-08A9-4DB1-BC12-ED6740BC0012}.Debug|x64.Build.0 = Debug|Any CPU
		{A9407B23-08A9-4DB1-BC12-ED6740BC0012}.Release|Any CPU.ActiveCfg = Release|Any CPU
		{A9407B23-08A9-4DB1-BC12-ED6740BC0012}.Release|Any CPU.Build.0 = Release|Any CPU
		{A9407B23-08A9-4DB1-BC12-ED6740BC0012}.Release|x64.ActiveCfg = Release|Any CPU
		{A9407B23-08A9-4DB1-BC12-ED6740BC0012}.Release|x64.Build.0 = Release|Any CPU
		{709CDEB4-377C-4785-8F3F-F0E4371A6351}.Debug|Any CPU.ActiveCfg = Debug|Any CPU
		{709CDEB4-377C-4785-8F3F-F0E4371A6351}.Debug|Any CPU.Build.0 = Debug|Any CPU
		{709CDEB4-377C-4785-8F3F-F0E4371A6351}.Debug|x64.ActiveCfg = Debug|Any CPU
		{709CDEB4-377C-4785-8F3F-F0E4371A6351}.Debug|x64.Build.0 = Debug|Any CPU
		{709CDEB4-377C-4785-8F3F-F0E4371A6351}.Release|Any CPU.ActiveCfg = Release|Any CPU
		{709CDEB4-377C-4785-8F3F-F0E4371A6351}.Release|Any CPU.Build.0 = Release|Any CPU
		{709CDEB4-377C-4785-8F3F-F0E4371A6351}.Release|x64.ActiveCfg = Release|Any CPU
		{709CDEB4-377C-4785-8F3F-F0E4371A6351}.Release|x64.Build.0 = Release|Any CPU
		{1DCDAE87-FBB2-41C2-98E0-3811768F8BAC}.Debug|Any CPU.ActiveCfg = Debug|Any CPU
		{1DCDAE87-FBB2-41C2-98E0-3811768F8BAC}.Debug|Any CPU.Build.0 = Debug|Any CPU
		{1DCDAE87-FBB2-41C2-98E0-3811768F8BAC}.Debug|x64.ActiveCfg = Debug|Any CPU
		{1DCDAE87-FBB2-41C2-98E0-3811768F8BAC}.Debug|x64.Build.0 = Debug|Any CPU
		{1DCDAE87-FBB2-41C2-98E0-3811768F8BAC}.Release|Any CPU.ActiveCfg = Release|Any CPU
		{1DCDAE87-FBB2-41C2-98E0-3811768F8BAC}.Release|Any CPU.Build.0 = Release|Any CPU
		{1DCDAE87-FBB2-41C2-98E0-3811768F8BAC}.Release|x64.ActiveCfg = Release|Any CPU
		{1DCDAE87-FBB2-41C2-98E0-3811768F8BAC}.Release|x64.Build.0 = Release|Any CPU
		{EEF97AE1-F20C-4B93-8428-D965B27381E7}.Debug|Any CPU.ActiveCfg = Debug|Any CPU
		{EEF97AE1-F20C-4B93-8428-D965B27381E7}.Debug|Any CPU.Build.0 = Debug|Any CPU
		{EEF97AE1-F20C-4B93-8428-D965B27381E7}.Debug|x64.ActiveCfg = Debug|Any CPU
		{EEF97AE1-F20C-4B93-8428-D965B27381E7}.Debug|x64.Build.0 = Debug|Any CPU
		{EEF97AE1-F20C-4B93-8428-D965B27381E7}.Release|Any CPU.ActiveCfg = Release|Any CPU
		{EEF97AE1-F20C-4B93-8428-D965B27381E7}.Release|Any CPU.Build.0 = Release|Any CPU
		{EEF97AE1-F20C-4B93-8428-D965B27381E7}.Release|x64.ActiveCfg = Release|Any CPU
		{EEF97AE1-F20C-4B93-8428-D965B27381E7}.Release|x64.Build.0 = Release|Any CPU
		{135C95F8-FBD8-4DB9-82AD-9E69FF361FA9}.Debug|Any CPU.ActiveCfg = Debug|Any CPU
		{135C95F8-FBD8-4DB9-82AD-9E69FF361FA9}.Debug|Any CPU.Build.0 = Debug|Any CPU
		{135C95F8-FBD8-4DB9-82AD-9E69FF361FA9}.Debug|x64.ActiveCfg = Debug|Any CPU
		{135C95F8-FBD8-4DB9-82AD-9E69FF361FA9}.Debug|x64.Build.0 = Debug|Any CPU
		{135C95F8-FBD8-4DB9-82AD-9E69FF361FA9}.Release|Any CPU.ActiveCfg = Release|Any CPU
		{135C95F8-FBD8-4DB9-82AD-9E69FF361FA9}.Release|Any CPU.Build.0 = Release|Any CPU
		{135C95F8-FBD8-4DB9-82AD-9E69FF361FA9}.Release|x64.ActiveCfg = Release|Any CPU
		{135C95F8-FBD8-4DB9-82AD-9E69FF361FA9}.Release|x64.Build.0 = Release|Any CPU
		{DFDEA2F4-63F2-4F1C-B4D9-A56BA679FC09}.Debug|Any CPU.ActiveCfg = Debug|Any CPU
		{DFDEA2F4-63F2-4F1C-B4D9-A56BA679FC09}.Debug|Any CPU.Build.0 = Debug|Any CPU
		{DFDEA2F4-63F2-4F1C-B4D9-A56BA679FC09}.Debug|x64.ActiveCfg = Debug|Any CPU
		{DFDEA2F4-63F2-4F1C-B4D9-A56BA679FC09}.Debug|x64.Build.0 = Debug|Any CPU
		{DFDEA2F4-63F2-4F1C-B4D9-A56BA679FC09}.Release|Any CPU.ActiveCfg = Release|Any CPU
		{DFDEA2F4-63F2-4F1C-B4D9-A56BA679FC09}.Release|Any CPU.Build.0 = Release|Any CPU
		{DFDEA2F4-63F2-4F1C-B4D9-A56BA679FC09}.Release|x64.ActiveCfg = Release|Any CPU
		{DFDEA2F4-63F2-4F1C-B4D9-A56BA679FC09}.Release|x64.Build.0 = Release|Any CPU
		{7354333A-C07E-4D07-A505-FAF6FE06C193}.Debug|Any CPU.ActiveCfg = Debug|Any CPU
		{7354333A-C07E-4D07-A505-FAF6FE06C193}.Debug|Any CPU.Build.0 = Debug|Any CPU
		{7354333A-C07E-4D07-A505-FAF6FE06C193}.Debug|x64.ActiveCfg = Debug|Any CPU
		{7354333A-C07E-4D07-A505-FAF6FE06C193}.Debug|x64.Build.0 = Debug|Any CPU
		{7354333A-C07E-4D07-A505-FAF6FE06C193}.Release|Any CPU.ActiveCfg = Release|Any CPU
		{7354333A-C07E-4D07-A505-FAF6FE06C193}.Release|Any CPU.Build.0 = Release|Any CPU
		{7354333A-C07E-4D07-A505-FAF6FE06C193}.Release|x64.ActiveCfg = Release|Any CPU
		{7354333A-C07E-4D07-A505-FAF6FE06C193}.Release|x64.Build.0 = Release|Any CPU
	EndGlobalSection
	GlobalSection(SolutionProperties) = preSolution
		HideSolutionNode = FALSE
	EndGlobalSection
	GlobalSection(NestedProjects) = preSolution
		{A5927F8C-1366-4C34-AFF5-30AB3C8836C9} = {B02BB454-9F7E-47F0-BFFD-88D91ADE6324}
		{47AD8E3A-7E78-4342-AFA7-30EE54E18723} = {A5927F8C-1366-4C34-AFF5-30AB3C8836C9}
		{4744E8F1-FB0A-4E9B-9356-AED8727FA8F5} = {B02BB454-9F7E-47F0-BFFD-88D91ADE6324}
		{4756F13D-2AA0-46EA-A018-CAA72F872DE4} = {4744E8F1-FB0A-4E9B-9356-AED8727FA8F5}
		{D339C1B6-5628-49FE-9FFA-C8A42F7B33E7} = {B02BB454-9F7E-47F0-BFFD-88D91ADE6324}
		{7F07EB6F-D22C-4A0F-90B2-C03E2F2BA205} = {D339C1B6-5628-49FE-9FFA-C8A42F7B33E7}
		{53CD5182-7083-4909-BA0E-B06DB91D3067} = {D339C1B6-5628-49FE-9FFA-C8A42F7B33E7}
		{D24CD205-CB45-4826-BC7F-E7157D5FF2CF} = {B02BB454-9F7E-47F0-BFFD-88D91ADE6324}
		{34F591B9-7C11-45F4-AC9E-84F560893406} = {D24CD205-CB45-4826-BC7F-E7157D5FF2CF}
		{A9407B23-08A9-4DB1-BC12-ED6740BC0012} = {D24CD205-CB45-4826-BC7F-E7157D5FF2CF}
		{709CDEB4-377C-4785-8F3F-F0E4371A6351} = {D24CD205-CB45-4826-BC7F-E7157D5FF2CF}
		{1DCDAE87-FBB2-41C2-98E0-3811768F8BAC} = {D24CD205-CB45-4826-BC7F-E7157D5FF2CF}
		{EEF97AE1-F20C-4B93-8428-D965B27381E7} = {5A64C811-1BE5-4CCB-A157-B9106076BEBB}
		{135C95F8-FBD8-4DB9-82AD-9E69FF361FA9} = {6080A59D-D98A-4C5F-A1B1-101FCED5F15B}
		{DFDEA2F4-63F2-4F1C-B4D9-A56BA679FC09} = {6080A59D-D98A-4C5F-A1B1-101FCED5F15B}
		{7354333A-C07E-4D07-A505-FAF6FE06C193} = {564201B9-BBF7-40F8-BF9A-AECEDCADCBA4}
	EndGlobalSection
	GlobalSection(ExtensibilityGlobals) = postSolution
		SolutionGuid = {D315ADA6-932D-4955-9009-18BA2B361372}
	EndGlobalSection
EndGlobal
